PODS:
  - HYUIKitRuntimeUtils (1.0.3)

DEPENDENCIES:
  - HYUIKitRuntimeUtils (from `../`)

EXTERNAL SOURCES:
  HYUIKitRuntimeUtils:
    :path: "../"

SPEC CHECKSUMS:
  HYUIKitRuntimeUtils: 3c0d56210175be174eacd0e4957dbfd04cd0d40f

PODFILE CHECKSUM: 36f511ced091c580048261588e78fee021c8f7d7

COCOAPODS: 1.16.2
