PODS:
  - HYUIKitRuntimeUtils (1.0.0)

DEPENDENCIES:
  - HYUIKitRuntimeUtils (from `../`)

EXTERNAL SOURCES:
  HYUIKitRuntimeUtils:
    :path: "../"

SPEC CHECKSUMS:
  HYUIKitRuntimeUtils: 6271dc69c7d89d80cb3e65b9d75e5e11277d81a9

PODFILE CHECKSUM: 4d5a95b644bc9bd1fad3a29bb81868b891b67f29

COCOAPODS: 1.16.2
