PODS:
  - HYUIKitRuntimeUtils (0.6.0):
    - ObjCRuntimeUtils (= 0.0.2)
  - ObjCRuntimeUtils (0.0.2)

DEPENDENCIES:
  - HYUIKitRuntimeUtils (from `../`)

SPEC REPOS:
  trunk:
    - ObjCRuntimeUtils

EXTERNAL SOURCES:
  HYUIKitRuntimeUtils:
    :path: "../"

SPEC CHECKSUMS:
  HYUIKitRuntimeUtils: 2190bddb55a793fd47a93fba1a7cab04a90db242
  ObjCRuntimeUtils: db0c4aae41091a9adf68b93e0f8864ed58dc1459

PODFILE CHECKSUM: 4d5a95b644bc9bd1fad3a29bb81868b891b67f29

COCOAPODS: 1.16.2
